{
    "_readme": [
        "This file locks the dependencies of your project to a known state",
        "Read more about it at https://getcomposer.org/doc/01-basic-usage.md#installing-dependencies",
        "This file is @generated automatically"
    ],
    "content-hash": "797549e62d39a4bf7288014ed2a10a4c",
    "packages": [
        {
            "name": "carloswph/linguistics",
            "version": "v1.1.0",
            "source": {
                "type": "git",
                "url": "https://github.com/carloswph/linguistics.git",
                "reference": "9a45b682c202f283259e1f49fec8f930efa54230"
            },
            "dist": {
                "type": "zip",
                "url": "https://api.github.com/repos/carloswph/linguistics/zipball/9a45b682c202f283259e1f49fec8f930efa54230",
                "reference": "9a45b682c202f283259e1f49fec8f930efa54230",
                "shasum": ""
            },
            "type": "library",
            "autoload": {
                "psr-4": {
                    "Linguistics\\": "src/"
                }
            },
            "notification-url": "https://packagist.org/downloads/",
            "license": [
                "MIT"
            ],
            "authors": [
                {
                    "name": "carlos",
                    "email": "geral@meuppt.pt",
                    "homepage": "https://wp-helpers.com"
                }
            ],
            "description": "Linguistics and language tools in PHP.",
            "keywords": [
                "Algorithm",
                "Phonetics",
                "english grammar",
                "ipa",
                "language",
                "metaphone",
                "nysiis",
                "soundex"
            ],
            "support": {
                "issues": "https://github.com/carloswph/linguistics/issues",
                "source": "https://github.com/carloswph/linguistics/tree/v1.1.0"
            },
            "time": "2021-03-22T18:47:51+00:00"
        }
    ],
    "packages-dev": [],
    "aliases": [],
    "minimum-stability": "stable",
    "stability-flags": [],
    "prefer-stable": false,
    "prefer-lowest": false,
    "platform": [],
    "platform-dev": [],
    "plugin-api-version": "2.3.0"
}
